// !$*UTF8*$!
{
	archiveVersion = 1;
	classes = {
	};
	objectVersion = 46;
	objects = {

/* Begin PBXBuildFile section */
		CA4689841E8E17E700692721 /* LXSegmentTitleView.m in Sources */ = {isa = PBXBuildFile; fileRef = CA4689831E8E17E700692721 /* LXSegmentTitleView.m */; };
		CAACE5771E83BB2800977C7E /* main.m in Sources */ = {isa = PBXBuildFile; fileRef = CAACE5761E83BB2800977C7E /* main.m */; };
		CAACE57A1E83BB2800977C7E /* AppDelegate.m in Sources */ = {isa = PBXBuildFile; fileRef = CAACE5791E83BB2800977C7E /* AppDelegate.m */; };
		CAACE5801E83BB2800977C7E /* Main.storyboard in Resources */ = {isa = PBXBuildFile; fileRef = CAACE57E1E83BB2800977C7E /* Main.storyboard */; };
		CAACE5821E83BB2800977C7E /* Assets.xcassets in Resources */ = {isa = PBXBuildFile; fileRef = CAACE5811E83BB2800977C7E /* Assets.xcassets */; };
		CAACE5851E83BB2800977C7E /* LaunchScreen.storyboard in Resources */ = {isa = PBXBuildFile; fileRef = CAACE5831E83BB2800977C7E /* LaunchScreen.storyboard */; };
		CAACE5901E83BB2800977C7E /* LXScrollContentViewTests.m in Sources */ = {isa = PBXBuildFile; fileRef = CAACE58F1E83BB2800977C7E /* LXScrollContentViewTests.m */; };
		CAACE59B1E83BB2800977C7E /* LXScrollContentViewUITests.m in Sources */ = {isa = PBXBuildFile; fileRef = CAACE59A1E83BB2800977C7E /* LXScrollContentViewUITests.m */; };
		CAACE5AC1E83BF9B00977C7E /* LXScrollContentView.m in Sources */ = {isa = PBXBuildFile; fileRef = CAACE5AB1E83BF9B00977C7E /* LXScrollContentView.m */; };
		CAACE5B31E83C25300977C7E /* LXFirstViewController.m in Sources */ = {isa = PBXBuildFile; fileRef = CAACE5B21E83C25300977C7E /* LXFirstViewController.m */; };
		CAACE5B61E83C26600977C7E /* LXSecondViewController.m in Sources */ = {isa = PBXBuildFile; fileRef = CAACE5B51E83C26600977C7E /* LXSecondViewController.m */; };
		CAACE5B91E83DA3500977C7E /* LXTestViewController.m in Sources */ = {isa = PBXBuildFile; fileRef = CAACE5B81E83DA3500977C7E /* LXTestViewController.m */; };
/* End PBXBuildFile section */

/* Begin PBXContainerItemProxy section */
		CAACE58C1E83BB2800977C7E /* PBXContainerItemProxy */ = {
			isa = PBXContainerItemProxy;
			containerPortal = CAACE56A1E83BB2800977C7E /* Project object */;
			proxyType = 1;
			remoteGlobalIDString = CAACE5711E83BB2800977C7E;
			remoteInfo = LXScrollContentView;
		};
		CAACE5971E83BB2800977C7E /* PBXContainerItemProxy */ = {
			isa = PBXContainerItemProxy;
			containerPortal = CAACE56A1E83BB2800977C7E /* Project object */;
			proxyType = 1;
			remoteGlobalIDString = CAACE5711E83BB2800977C7E;
			remoteInfo = LXScrollContentView;
		};
/* End PBXContainerItemProxy section */

/* Begin PBXFileReference section */
		CA4689821E8E17E700692721 /* LXSegmentTitleView.h */ = {isa = PBXFileReference; fileEncoding = 4; lastKnownFileType = sourcecode.c.h; path = LXSegmentTitleView.h; sourceTree = "<group>"; };
		CA4689831E8E17E700692721 /* LXSegmentTitleView.m */ = {isa = PBXFileReference; fileEncoding = 4; lastKnownFileType = sourcecode.c.objc; path = LXSegmentTitleView.m; sourceTree = "<group>"; };
		CAACE5721E83BB2800977C7E /* LXScrollContentView.app */ = {isa = PBXFileReference; explicitFileType = wrapper.application; includeInIndex = 0; path = LXScrollContentView.app; sourceTree = BUILT_PRODUCTS_DIR; };
		CAACE5761E83BB2800977C7E /* main.m */ = {isa = PBXFileReference; lastKnownFileType = sourcecode.c.objc; path = main.m; sourceTree = "<group>"; };
		CAACE5781E83BB2800977C7E /* AppDelegate.h */ = {isa = PBXFileReference; lastKnownFileType = sourcecode.c.h; path = AppDelegate.h; sourceTree = "<group>"; };
		CAACE5791E83BB2800977C7E /* AppDelegate.m */ = {isa = PBXFileReference; lastKnownFileType = sourcecode.c.objc; path = AppDelegate.m; sourceTree = "<group>"; };
		CAACE57F1E83BB2800977C7E /* Base */ = {isa = PBXFileReference; lastKnownFileType = file.storyboard; name = Base; path = Base.lproj/Main.storyboard; sourceTree = "<group>"; };
		CAACE5811E83BB2800977C7E /* Assets.xcassets */ = {isa = PBXFileReference; lastKnownFileType = folder.assetcatalog; path = Assets.xcassets; sourceTree = "<group>"; };
		CAACE5841E83BB2800977C7E /* Base */ = {isa = PBXFileReference; lastKnownFileType = file.storyboard; name = Base; path = Base.lproj/LaunchScreen.storyboard; sourceTree = "<group>"; };
		CAACE5861E83BB2800977C7E /* Info.plist */ = {isa = PBXFileReference; lastKnownFileType = text.plist.xml; path = Info.plist; sourceTree = "<group>"; };
		CAACE58B1E83BB2800977C7E /* LXScrollContentViewTests.xctest */ = {isa = PBXFileReference; explicitFileType = wrapper.cfbundle; includeInIndex = 0; path = LXScrollContentViewTests.xctest; sourceTree = BUILT_PRODUCTS_DIR; };
		CAACE58F1E83BB2800977C7E /* LXScrollContentViewTests.m */ = {isa = PBXFileReference; lastKnownFileType = sourcecode.c.objc; path = LXScrollContentViewTests.m; sourceTree = "<group>"; };
		CAACE5911E83BB2800977C7E /* Info.plist */ = {isa = PBXFileReference; lastKnownFileType = text.plist.xml; path = Info.plist; sourceTree = "<group>"; };
		CAACE5961E83BB2800977C7E /* LXScrollContentViewUITests.xctest */ = {isa = PBXFileReference; explicitFileType = wrapper.cfbundle; includeInIndex = 0; path = LXScrollContentViewUITests.xctest; sourceTree = BUILT_PRODUCTS_DIR; };
		CAACE59A1E83BB2800977C7E /* LXScrollContentViewUITests.m */ = {isa = PBXFileReference; lastKnownFileType = sourcecode.c.objc; path = LXScrollContentViewUITests.m; sourceTree = "<group>"; };
		CAACE59C1E83BB2800977C7E /* Info.plist */ = {isa = PBXFileReference; lastKnownFileType = text.plist.xml; path = Info.plist; sourceTree = "<group>"; };
		CAACE5AA1E83BF9B00977C7E /* LXScrollContentView.h */ = {isa = PBXFileReference; fileEncoding = 4; lastKnownFileType = sourcecode.c.h; path = LXScrollContentView.h; sourceTree = "<group>"; };
		CAACE5AB1E83BF9B00977C7E /* LXScrollContentView.m */ = {isa = PBXFileReference; fileEncoding = 4; lastKnownFileType = sourcecode.c.objc; path = LXScrollContentView.m; sourceTree = "<group>"; };
		CAACE5B11E83C25300977C7E /* LXFirstViewController.h */ = {isa = PBXFileReference; fileEncoding = 4; lastKnownFileType = sourcecode.c.h; path = LXFirstViewController.h; sourceTree = "<group>"; };
		CAACE5B21E83C25300977C7E /* LXFirstViewController.m */ = {isa = PBXFileReference; fileEncoding = 4; lastKnownFileType = sourcecode.c.objc; path = LXFirstViewController.m; sourceTree = "<group>"; };
		CAACE5B41E83C26600977C7E /* LXSecondViewController.h */ = {isa = PBXFileReference; fileEncoding = 4; lastKnownFileType = sourcecode.c.h; path = LXSecondViewController.h; sourceTree = "<group>"; };
		CAACE5B51E83C26600977C7E /* LXSecondViewController.m */ = {isa = PBXFileReference; fileEncoding = 4; lastKnownFileType = sourcecode.c.objc; path = LXSecondViewController.m; sourceTree = "<group>"; };
		CAACE5B71E83DA3500977C7E /* LXTestViewController.h */ = {isa = PBXFileReference; fileEncoding = 4; lastKnownFileType = sourcecode.c.h; path = LXTestViewController.h; sourceTree = "<group>"; };
		CAACE5B81E83DA3500977C7E /* LXTestViewController.m */ = {isa = PBXFileReference; fileEncoding = 4; lastKnownFileType = sourcecode.c.objc; path = LXTestViewController.m; sourceTree = "<group>"; };
/* End PBXFileReference section */

/* Begin PBXFrameworksBuildPhase section */
		CAACE56F1E83BB2800977C7E /* Frameworks */ = {
			isa = PBXFrameworksBuildPhase;
			buildActionMask = 2147483647;
			files = (
			);
			runOnlyForDeploymentPostprocessing = 0;
		};
		CAACE5881E83BB2800977C7E /* Frameworks */ = {
			isa = PBXFrameworksBuildPhase;
			buildActionMask = 2147483647;
			files = (
			);
			runOnlyForDeploymentPostprocessing = 0;
		};
		CAACE5931E83BB2800977C7E /* Frameworks */ = {
			isa = PBXFrameworksBuildPhase;
			buildActionMask = 2147483647;
			files = (
			);
			runOnlyForDeploymentPostprocessing = 0;
		};
/* End PBXFrameworksBuildPhase section */

/* Begin PBXGroup section */
		CAACE5691E83BB2800977C7E = {
			isa = PBXGroup;
			children = (
				CAACE5A91E83BF5600977C7E /* LXScrollContentViewLib */,
				CAACE5741E83BB2800977C7E /* LXScrollContentView */,
				CAACE58E1E83BB2800977C7E /* LXScrollContentViewTests */,
				CAACE5991E83BB2800977C7E /* LXScrollContentViewUITests */,
				CAACE5731E83BB2800977C7E /* Products */,
			);
			sourceTree = "<group>";
		};
		CAACE5731E83BB2800977C7E /* Products */ = {
			isa = PBXGroup;
			children = (
				CAACE5721E83BB2800977C7E /* LXScrollContentView.app */,
				CAACE58B1E83BB2800977C7E /* LXScrollContentViewTests.xctest */,
				CAACE5961E83BB2800977C7E /* LXScrollContentViewUITests.xctest */,
			);
			name = Products;
			sourceTree = "<group>";
		};
		CAACE5741E83BB2800977C7E /* LXScrollContentView */ = {
			isa = PBXGroup;
			children = (
				CAACE5A81E83BDEE00977C7E /* Classes */,
				CAACE5781E83BB2800977C7E /* AppDelegate.h */,
				CAACE5791E83BB2800977C7E /* AppDelegate.m */,
				CAACE57E1E83BB2800977C7E /* Main.storyboard */,
				CAACE5811E83BB2800977C7E /* Assets.xcassets */,
				CAACE5831E83BB2800977C7E /* LaunchScreen.storyboard */,
				CAACE5861E83BB2800977C7E /* Info.plist */,
				CAACE5751E83BB2800977C7E /* Supporting Files */,
			);
			path = LXScrollContentView;
			sourceTree = "<group>";
		};
		CAACE5751E83BB2800977C7E /* Supporting Files */ = {
			isa = PBXGroup;
			children = (
				CAACE5761E83BB2800977C7E /* main.m */,
			);
			name = "Supporting Files";
			sourceTree = "<group>";
		};
		CAACE58E1E83BB2800977C7E /* LXScrollContentViewTests */ = {
			isa = PBXGroup;
			children = (
				CAACE58F1E83BB2800977C7E /* LXScrollContentViewTests.m */,
				CAACE5911E83BB2800977C7E /* Info.plist */,
			);
			path = LXScrollContentViewTests;
			sourceTree = "<group>";
		};
		CAACE5991E83BB2800977C7E /* LXScrollContentViewUITests */ = {
			isa = PBXGroup;
			children = (
				CAACE59A1E83BB2800977C7E /* LXScrollContentViewUITests.m */,
				CAACE59C1E83BB2800977C7E /* Info.plist */,
			);
			path = LXScrollContentViewUITests;
			sourceTree = "<group>";
		};
		CAACE5A81E83BDEE00977C7E /* Classes */ = {
			isa = PBXGroup;
			children = (
				CAACE5B01E83C1EF00977C7E /* Controller */,
			);
			path = Classes;
			sourceTree = "<group>";
		};
		CAACE5A91E83BF5600977C7E /* LXScrollContentViewLib */ = {
			isa = PBXGroup;
			children = (
				CAACE5AA1E83BF9B00977C7E /* LXScrollContentView.h */,
				CAACE5AB1E83BF9B00977C7E /* LXScrollContentView.m */,
				CA4689821E8E17E700692721 /* LXSegmentTitleView.h */,
				CA4689831E8E17E700692721 /* LXSegmentTitleView.m */,
			);
			path = LXScrollContentViewLib;
			sourceTree = "<group>";
		};
		CAACE5B01E83C1EF00977C7E /* Controller */ = {
			isa = PBXGroup;
			children = (
				CAACE5B11E83C25300977C7E /* LXFirstViewController.h */,
				CAACE5B21E83C25300977C7E /* LXFirstViewController.m */,
				CAACE5B41E83C26600977C7E /* LXSecondViewController.h */,
				CAACE5B51E83C26600977C7E /* LXSecondViewController.m */,
				CAACE5B71E83DA3500977C7E /* LXTestViewController.h */,
				CAACE5B81E83DA3500977C7E /* LXTestViewController.m */,
			);
			path = Controller;
			sourceTree = "<group>";
		};
/* End PBXGroup section */

/* Begin PBXNativeTarget section */
		CAACE5711E83BB2800977C7E /* LXScrollContentView */ = {
			isa = PBXNativeTarget;
			buildConfigurationList = CAACE59F1E83BB2800977C7E /* Build configuration list for PBXNativeTarget "LXScrollContentView" */;
			buildPhases = (
				CAACE56E1E83BB2800977C7E /* Sources */,
				CAACE56F1E83BB2800977C7E /* Frameworks */,
				CAACE5701E83BB2800977C7E /* Resources */,
			);
			buildRules = (
			);
			dependencies = (
			);
			name = LXScrollContentView;
			productName = LXScrollContentView;
			productReference = CAACE5721E83BB2800977C7E /* LXScrollContentView.app */;
			productType = "com.apple.product-type.application";
		};
		CAACE58A1E83BB2800977C7E /* LXScrollContentViewTests */ = {
			isa = PBXNativeTarget;
			buildConfigurationList = CAACE5A21E83BB2800977C7E /* Build configuration list for PBXNativeTarget "LXScrollContentViewTests" */;
			buildPhases = (
				CAACE5871E83BB2800977C7E /* Sources */,
				CAACE5881E83BB2800977C7E /* Frameworks */,
				CAACE5891E83BB2800977C7E /* Resources */,
			);
			buildRules = (
			);
			dependencies = (
				CAACE58D1E83BB2800977C7E /* PBXTargetDependency */,
			);
			name = LXScrollContentViewTests;
			productName = LXScrollContentViewTests;
			productReference = CAACE58B1E83BB2800977C7E /* LXScrollContentViewTests.xctest */;
			productType = "com.apple.product-type.bundle.unit-test";
		};
		CAACE5951E83BB2800977C7E /* LXScrollContentViewUITests */ = {
			isa = PBXNativeTarget;
			buildConfigurationList = CAACE5A51E83BB2800977C7E /* Build configuration list for PBXNativeTarget "LXScrollContentViewUITests" */;
			buildPhases = (
				CAACE5921E83BB2800977C7E /* Sources */,
				CAACE5931E83BB2800977C7E /* Frameworks */,
				CAACE5941E83BB2800977C7E /* Resources */,
			);
			buildRules = (
			);
			dependencies = (
				CAACE5981E83BB2800977C7E /* PBXTargetDependency */,
			);
			name = LXScrollContentViewUITests;
			productName = LXScrollContentViewUITests;
			productReference = CAACE5961E83BB2800977C7E /* LXScrollContentViewUITests.xctest */;
			productType = "com.apple.product-type.bundle.ui-testing";
		};
/* End PBXNativeTarget section */

/* Begin PBXProject section */
		CAACE56A1E83BB2800977C7E /* Project object */ = {
			isa = PBXProject;
			attributes = {
				CLASSPREFIX = LX;
				LastUpgradeCheck = 0820;
				ORGANIZATIONNAME = "刘行";
				TargetAttributes = {
					CAACE5711E83BB2800977C7E = {
						CreatedOnToolsVersion = 8.2.1;
						DevelopmentTeam = 6HK953UL65;
						ProvisioningStyle = Automatic;
					};
					CAACE58A1E83BB2800977C7E = {
						CreatedOnToolsVersion = 8.2.1;
						DevelopmentTeam = RQB4AJCS2L;
						ProvisioningStyle = Automatic;
						TestTargetID = CAACE5711E83BB2800977C7E;
					};
					CAACE5951E83BB2800977C7E = {
						CreatedOnToolsVersion = 8.2.1;
						DevelopmentTeam = RQB4AJCS2L;
						ProvisioningStyle = Automatic;
						TestTargetID = CAACE5711E83BB2800977C7E;
					};
				};
			};
			buildConfigurationList = CAACE56D1E83BB2800977C7E /* Build configuration list for PBXProject "LXScrollContentView" */;
			compatibilityVersion = "Xcode 3.2";
			developmentRegion = English;
			hasScannedForEncodings = 0;
			knownRegions = (
				English,
				en,
				Base,
			);
			mainGroup = CAACE5691E83BB2800977C7E;
			productRefGroup = CAACE5731E83BB2800977C7E /* Products */;
			projectDirPath = "";
			projectRoot = "";
			targets = (
				CAACE5711E83BB2800977C7E /* LXScrollContentView */,
				CAACE58A1E83BB2800977C7E /* LXScrollContentViewTests */,
				CAACE5951E83BB2800977C7E /* LXScrollContentViewUITests */,
			);
		};
/* End PBXProject section */

/* Begin PBXResourcesBuildPhase section */
		CAACE5701E83BB2800977C7E /* Resources */ = {
			isa = PBXResourcesBuildPhase;
			buildActionMask = 2147483647;
			files = (
				CAACE5851E83BB2800977C7E /* LaunchScreen.storyboard in Resources */,
				CAACE5821E83BB2800977C7E /* Assets.xcassets in Resources */,
				CAACE5801E83BB2800977C7E /* Main.storyboard in Resources */,
			);
			runOnlyForDeploymentPostprocessing = 0;
		};
		CAACE5891E83BB2800977C7E /* Resources */ = {
			isa = PBXResourcesBuildPhase;
			buildActionMask = 2147483647;
			files = (
			);
			runOnlyForDeploymentPostprocessing = 0;
		};
		CAACE5941E83BB2800977C7E /* Resources */ = {
			isa = PBXResourcesBuildPhase;
			buildActionMask = 2147483647;
			files = (
			);
			runOnlyForDeploymentPostprocessing = 0;
		};
/* End PBXResourcesBuildPhase section */

/* Begin PBXSourcesBuildPhase section */
		CAACE56E1E83BB2800977C7E /* Sources */ = {
			isa = PBXSourcesBuildPhase;
			buildActionMask = 2147483647;
			files = (
				CAACE5B61E83C26600977C7E /* LXSecondViewController.m in Sources */,
				CAACE5B91E83DA3500977C7E /* LXTestViewController.m in Sources */,
				CAACE5AC1E83BF9B00977C7E /* LXScrollContentView.m in Sources */,
				CA4689841E8E17E700692721 /* LXSegmentTitleView.m in Sources */,
				CAACE5B31E83C25300977C7E /* LXFirstViewController.m in Sources */,
				CAACE57A1E83BB2800977C7E /* AppDelegate.m in Sources */,
				CAACE5771E83BB2800977C7E /* main.m in Sources */,
			);
			runOnlyForDeploymentPostprocessing = 0;
		};
		CAACE5871E83BB2800977C7E /* Sources */ = {
			isa = PBXSourcesBuildPhase;
			buildActionMask = 2147483647;
			files = (
				CAACE5901E83BB2800977C7E /* LXScrollContentViewTests.m in Sources */,
			);
			runOnlyForDeploymentPostprocessing = 0;
		};
		CAACE5921E83BB2800977C7E /* Sources */ = {
			isa = PBXSourcesBuildPhase;
			buildActionMask = 2147483647;
			files = (
				CAACE59B1E83BB2800977C7E /* LXScrollContentViewUITests.m in Sources */,
			);
			runOnlyForDeploymentPostprocessing = 0;
		};
/* End PBXSourcesBuildPhase section */

/* Begin PBXTargetDependency section */
		CAACE58D1E83BB2800977C7E /* PBXTargetDependency */ = {
			isa = PBXTargetDependency;
			target = CAACE5711E83BB2800977C7E /* LXScrollContentView */;
			targetProxy = CAACE58C1E83BB2800977C7E /* PBXContainerItemProxy */;
		};
		CAACE5981E83BB2800977C7E /* PBXTargetDependency */ = {
			isa = PBXTargetDependency;
			target = CAACE5711E83BB2800977C7E /* LXScrollContentView */;
			targetProxy = CAACE5971E83BB2800977C7E /* PBXContainerItemProxy */;
		};
/* End PBXTargetDependency section */

/* Begin PBXVariantGroup section */
		CAACE57E1E83BB2800977C7E /* Main.storyboard */ = {
			isa = PBXVariantGroup;
			children = (
				CAACE57F1E83BB2800977C7E /* Base */,
			);
			name = Main.storyboard;
			sourceTree = "<group>";
		};
		CAACE5831E83BB2800977C7E /* LaunchScreen.storyboard */ = {
			isa = PBXVariantGroup;
			children = (
				CAACE5841E83BB2800977C7E /* Base */,
			);
			name = LaunchScreen.storyboard;
			sourceTree = "<group>";
		};
/* End PBXVariantGroup section */

/* Begin XCBuildConfiguration section */
		CAACE59D1E83BB2800977C7E /* Debug */ = {
			isa = XCBuildConfiguration;
			buildSettings = {
				ALWAYS_SEARCH_USER_PATHS = NO;
				CLANG_ANALYZER_NONNULL = YES;
				CLANG_CXX_LANGUAGE_STANDARD = "gnu++0x";
				CLANG_CXX_LIBRARY = "libc++";
				CLANG_ENABLE_MODULES = YES;
				CLANG_ENABLE_OBJC_ARC = YES;
				CLANG_WARN_BOOL_CONVERSION = YES;
				CLANG_WARN_CONSTANT_CONVERSION = YES;
				CLANG_WARN_DIRECT_OBJC_ISA_USAGE = YES_ERROR;
				CLANG_WARN_DOCUMENTATION_COMMENTS = YES;
				CLANG_WARN_EMPTY_BODY = YES;
				CLANG_WARN_ENUM_CONVERSION = YES;
				CLANG_WARN_INFINITE_RECURSION = YES;
				CLANG_WARN_INT_CONVERSION = YES;
				CLANG_WARN_OBJC_ROOT_CLASS = YES_ERROR;
				CLANG_WARN_SUSPICIOUS_MOVE = YES;
				CLANG_WARN_UNREACHABLE_CODE = YES;
				CLANG_WARN__DUPLICATE_METHOD_MATCH = YES;
				"CODE_SIGN_IDENTITY[sdk=iphoneos*]" = "iPhone Developer";
				COPY_PHASE_STRIP = NO;
				DEBUG_INFORMATION_FORMAT = dwarf;
				ENABLE_STRICT_OBJC_MSGSEND = YES;
				ENABLE_TESTABILITY = YES;
				GCC_C_LANGUAGE_STANDARD = gnu99;
				GCC_DYNAMIC_NO_PIC = NO;
				GCC_NO_COMMON_BLOCKS = YES;
				GCC_OPTIMIZATION_LEVEL = 0;
				GCC_PREPROCESSOR_DEFINITIONS = (
					"DEBUG=1",
					"$(inherited)",
				);
				GCC_WARN_64_TO_32_BIT_CONVERSION = YES;
				GCC_WARN_ABOUT_RETURN_TYPE = YES_ERROR;
				GCC_WARN_UNDECLARED_SELECTOR = YES;
				GCC_WARN_UNINITIALIZED_AUTOS = YES_AGGRESSIVE;
				GCC_WARN_UNUSED_FUNCTION = YES;
				GCC_WARN_UNUSED_VARIABLE = YES;
				IPHONEOS_DEPLOYMENT_TARGET = 10.2;
				MTL_ENABLE_DEBUG_INFO = YES;
				ONLY_ACTIVE_ARCH = YES;
				SDKROOT = iphoneos;
			};
			name = Debug;
		};
		CAACE59E1E83BB2800977C7E /* Release */ = {
			isa = XCBuildConfiguration;
			buildSettings = {
				ALWAYS_SEARCH_USER_PATHS = NO;
				CLANG_ANALYZER_NONNULL = YES;
				CLANG_CXX_LANGUAGE_STANDARD = "gnu++0x";
				CLANG_CXX_LIBRARY = "libc++";
				CLANG_ENABLE_MODULES = YES;
				CLANG_ENABLE_OBJC_ARC = YES;
				CLANG_WARN_BOOL_CONVERSION = YES;
				CLANG_WARN_CONSTANT_CONVERSION = YES;
				CLANG_WARN_DIRECT_OBJC_ISA_USAGE = YES_ERROR;
				CLANG_WARN_DOCUMENTATION_COMMENTS = YES;
				CLANG_WARN_EMPTY_BODY = YES;
				CLANG_WARN_ENUM_CONVERSION = YES;
				CLANG_WARN_INFINITE_RECURSION = YES;
				CLANG_WARN_INT_CONVERSION = YES;
				CLANG_WARN_OBJC_ROOT_CLASS = YES_ERROR;
				CLANG_WARN_SUSPICIOUS_MOVE = YES;
				CLANG_WARN_UNREACHABLE_CODE = YES;
				CLANG_WARN__DUPLICATE_METHOD_MATCH = YES;
				"CODE_SIGN_IDENTITY[sdk=iphoneos*]" = "iPhone Developer";
				COPY_PHASE_STRIP = NO;
				DEBUG_INFORMATION_FORMAT = "dwarf-with-dsym";
				ENABLE_NS_ASSERTIONS = NO;
				ENABLE_STRICT_OBJC_MSGSEND = YES;
				GCC_C_LANGUAGE_STANDARD = gnu99;
				GCC_NO_COMMON_BLOCKS = YES;
				GCC_WARN_64_TO_32_BIT_CONVERSION = YES;
				GCC_WARN_ABOUT_RETURN_TYPE = YES_ERROR;
				GCC_WARN_UNDECLARED_SELECTOR = YES;
				GCC_WARN_UNINITIALIZED_AUTOS = YES_AGGRESSIVE;
				GCC_WARN_UNUSED_FUNCTION = YES;
				GCC_WARN_UNUSED_VARIABLE = YES;
				IPHONEOS_DEPLOYMENT_TARGET = 10.2;
				MTL_ENABLE_DEBUG_INFO = NO;
				SDKROOT = iphoneos;
				VALIDATE_PRODUCT = YES;
			};
			name = Release;
		};
		CAACE5A01E83BB2800977C7E /* Debug */ = {
			isa = XCBuildConfiguration;
			buildSettings = {
				ASSETCATALOG_COMPILER_APPICON_NAME = AppIcon;
				DEVELOPMENT_TEAM = 6HK953UL65;
				INFOPLIST_FILE = LXScrollContentView/Info.plist;
				LD_RUNPATH_SEARCH_PATHS = "$(inherited) @executable_path/Frameworks";
				OTHER_LDFLAGS = "";
				PRODUCT_BUNDLE_IDENTIFIER = hahaha.LXScrollContentView;
				PRODUCT_NAME = "$(TARGET_NAME)";
			};
			name = Debug;
		};
		CAACE5A11E83BB2800977C7E /* Release */ = {
			isa = XCBuildConfiguration;
			buildSettings = {
				ASSETCATALOG_COMPILER_APPICON_NAME = AppIcon;
				DEVELOPMENT_TEAM = 6HK953UL65;
				INFOPLIST_FILE = LXScrollContentView/Info.plist;
				LD_RUNPATH_SEARCH_PATHS = "$(inherited) @executable_path/Frameworks";
				OTHER_LDFLAGS = "";
				PRODUCT_BUNDLE_IDENTIFIER = hahaha.LXScrollContentView;
				PRODUCT_NAME = "$(TARGET_NAME)";
			};
			name = Release;
		};
		CAACE5A31E83BB2800977C7E /* Debug */ = {
			isa = XCBuildConfiguration;
			buildSettings = {
				BUNDLE_LOADER = "$(TEST_HOST)";
				DEVELOPMENT_TEAM = RQB4AJCS2L;
				INFOPLIST_FILE = LXScrollContentViewTests/Info.plist;
				LD_RUNPATH_SEARCH_PATHS = "$(inherited) @executable_path/Frameworks @loader_path/Frameworks";
				PRODUCT_BUNDLE_IDENTIFIER = snsports.LXScrollContentViewTests;
				PRODUCT_NAME = "$(TARGET_NAME)";
				TEST_HOST = "$(BUILT_PRODUCTS_DIR)/LXScrollContentView.app/LXScrollContentView";
			};
			name = Debug;
		};
		CAACE5A41E83BB2800977C7E /* Release */ = {
			isa = XCBuildConfiguration;
			buildSettings = {
				BUNDLE_LOADER = "$(TEST_HOST)";
				DEVELOPMENT_TEAM = RQB4AJCS2L;
				INFOPLIST_FILE = LXScrollContentViewTests/Info.plist;
				LD_RUNPATH_SEARCH_PATHS = "$(inherited) @executable_path/Frameworks @loader_path/Frameworks";
				PRODUCT_BUNDLE_IDENTIFIER = snsports.LXScrollContentViewTests;
				PRODUCT_NAME = "$(TARGET_NAME)";
				TEST_HOST = "$(BUILT_PRODUCTS_DIR)/LXScrollContentView.app/LXScrollContentView";
			};
			name = Release;
		};
		CAACE5A61E83BB2800977C7E /* Debug */ = {
			isa = XCBuildConfiguration;
			buildSettings = {
				DEVELOPMENT_TEAM = RQB4AJCS2L;
				INFOPLIST_FILE = LXScrollContentViewUITests/Info.plist;
				LD_RUNPATH_SEARCH_PATHS = "$(inherited) @executable_path/Frameworks @loader_path/Frameworks";
				PRODUCT_BUNDLE_IDENTIFIER = snsports.LXScrollContentViewUITests;
				PRODUCT_NAME = "$(TARGET_NAME)";
				TEST_TARGET_NAME = LXScrollContentView;
			};
			name = Debug;
		};
		CAACE5A71E83BB2800977C7E /* Release */ = {
			isa = XCBuildConfiguration;
			buildSettings = {
				DEVELOPMENT_TEAM = RQB4AJCS2L;
				INFOPLIST_FILE = LXScrollContentViewUITests/Info.plist;
				LD_RUNPATH_SEARCH_PATHS = "$(inherited) @executable_path/Frameworks @loader_path/Frameworks";
				PRODUCT_BUNDLE_IDENTIFIER = snsports.LXScrollContentViewUITests;
				PRODUCT_NAME = "$(TARGET_NAME)";
				TEST_TARGET_NAME = LXScrollContentView;
			};
			name = Release;
		};
/* End XCBuildConfiguration section */

/* Begin XCConfigurationList section */
		CAACE56D1E83BB2800977C7E /* Build configuration list for PBXProject "LXScrollContentView" */ = {
			isa = XCConfigurationList;
			buildConfigurations = (
				CAACE59D1E83BB2800977C7E /* Debug */,
				CAACE59E1E83BB2800977C7E /* Release */,
			);
			defaultConfigurationIsVisible = 0;
			defaultConfigurationName = Release;
		};
		CAACE59F1E83BB2800977C7E /* Build configuration list for PBXNativeTarget "LXScrollContentView" */ = {
			isa = XCConfigurationList;
			buildConfigurations = (
				CAACE5A01E83BB2800977C7E /* Debug */,
				CAACE5A11E83BB2800977C7E /* Release */,
			);
			defaultConfigurationIsVisible = 0;
			defaultConfigurationName = Release;
		};
		CAACE5A21E83BB2800977C7E /* Build configuration list for PBXNativeTarget "LXScrollContentViewTests" */ = {
			isa = XCConfigurationList;
			buildConfigurations = (
				CAACE5A31E83BB2800977C7E /* Debug */,
				CAACE5A41E83BB2800977C7E /* Release */,
			);
			defaultConfigurationIsVisible = 0;
			defaultConfigurationName = Release;
		};
		CAACE5A51E83BB2800977C7E /* Build configuration list for PBXNativeTarget "LXScrollContentViewUITests" */ = {
			isa = XCConfigurationList;
			buildConfigurations = (
				CAACE5A61E83BB2800977C7E /* Debug */,
				CAACE5A71E83BB2800977C7E /* Release */,
			);
			defaultConfigurationIsVisible = 0;
			defaultConfigurationName = Release;
		};
/* End XCConfigurationList section */
	};
	rootObject = CAACE56A1E83BB2800977C7E /* Project object */;
}
